// !$*UTF8*$!
{
	archiveVersion = 1;
	classes = {
	};
	objectVersion = 56;
	objects = {

/* Begin PBXBuildFile section */
		3F01FB5929B5D9E4005EA13A /* AppDelegate.swift in Sources */ = {isa = PBXBuildFile; fileRef = 3F01FB5829B5D9E4005EA13A /* AppDelegate.swift */; };
		3F01FB5B29B5D9E4005EA13A /* SceneDelegate.swift in Sources */ = {isa = PBXBuildFile; fileRef = 3F01FB5A29B5D9E4005EA13A /* SceneDelegate.swift */; };
		3F01FB5D29B5D9E4005EA13A /* ViewController.swift in Sources */ = {isa = PBXBuildFile; fileRef = 3F01FB5C29B5D9E4005EA13A /* ViewController.swift */; };
		3F01FB6029B5D9E4005EA13A /* Main.storyboard in Resources */ = {isa = PBXBuildFile; fileRef = 3F01FB5E29B5D9E4005EA13A /* Main.storyboard */; };
		3F01FB6229B5D9E8005EA13A /* Assets.xcassets in Resources */ = {isa = PBXBuildFile; fileRef = 3F01FB6129B5D9E8005EA13A /* Assets.xcassets */; };
		3F01FB6529B5D9E8005EA13A /* LaunchScreen.storyboard in Resources */ = {isa = PBXBuildFile; fileRef = 3F01FB6329B5D9E8005EA13A /* LaunchScreen.storyboard */; };
		3F047D9729C07CD200778E58 /* AddFriendViewController.swift in Sources */ = {isa = PBXBuildFile; fileRef = 3F047D9629C07CD200778E58 /* AddFriendViewController.swift */; };
		3F0C084A29B5DC0600844280 /* Friend.swift in Sources */ = {isa = PBXBuildFile; fileRef = 3F0C084929B5DC0600844280 /* Friend.swift */; };
		3FB4486129B6DD0200C427AC /* CustomAlert.swift in Sources */ = {isa = PBXBuildFile; fileRef = 3FB4485F29B6DD0200C427AC /* CustomAlert.swift */; };
		3FB4486229B6DD0200C427AC /* CustomAlert.xib in Resources */ = {isa = PBXBuildFile; fileRef = 3FB4486029B6DD0200C427AC /* CustomAlert.xib */; };
		3FE5C7D429B5F073003C4F28 /* TableViewCell.swift in Sources */ = {isa = PBXBuildFile; fileRef = 3FE5C7D329B5F073003C4F28 /* TableViewCell.swift */; };
/* End PBXBuildFile section */

/* Begin PBXFileReference section */
		3F01FB5529B5D9E4005EA13A /* Friend List.app */ = {isa = PBXFileReference; explicitFileType = wrapper.application; includeInIndex = 0; path = "Friend List.app"; sourceTree = BUILT_PRODUCTS_DIR; };
		3F01FB5829B5D9E4005EA13A /* AppDelegate.swift */ = {isa = PBXFileReference; lastKnownFileType = sourcecode.swift; path = AppDelegate.swift; sourceTree = "<group>"; };
		3F01FB5A29B5D9E4005EA13A /* SceneDelegate.swift */ = {isa = PBXFileReference; lastKnownFileType = sourcecode.swift; path = SceneDelegate.swift; sourceTree = "<group>"; };
		3F01FB5C29B5D9E4005EA13A /* ViewController.swift */ = {isa = PBXFileReference; lastKnownFileType = sourcecode.swift; path = ViewController.swift; sourceTree = "<group>"; };
		3F01FB5F29B5D9E4005EA13A /* Base */ = {isa = PBXFileReference; lastKnownFileType = file.storyboard; name = Base; path = Base.lproj/Main.storyboard; sourceTree = "<group>"; };
		3F01FB6129B5D9E8005EA13A /* Assets.xcassets */ = {isa = PBXFileReference; lastKnownFileType = folder.assetcatalog; path = Assets.xcassets; sourceTree = "<group>"; };
		3F01FB6429B5D9E8005EA13A /* Base */ = {isa = PBXFileReference; lastKnownFileType = file.storyboard; name = Base; path = Base.lproj/LaunchScreen.storyboard; sourceTree = "<group>"; };
		3F01FB6629B5D9E8005EA13A /* Info.plist */ = {isa = PBXFileReference; lastKnownFileType = text.plist.xml; path = Info.plist; sourceTree = "<group>"; };
		3F047D9629C07CD200778E58 /* AddFriendViewController.swift */ = {isa = PBXFileReference; lastKnownFileType = sourcecode.swift; path = AddFriendViewController.swift; sourceTree = "<group>"; };
		3F0C084929B5DC0600844280 /* Friend.swift */ = {isa = PBXFileReference; lastKnownFileType = sourcecode.swift; path = Friend.swift; sourceTree = "<group>"; };
		3FB4485F29B6DD0200C427AC /* CustomAlert.swift */ = {isa = PBXFileReference; lastKnownFileType = sourcecode.swift; path = CustomAlert.swift; sourceTree = "<group>"; };
		3FB4486029B6DD0200C427AC /* CustomAlert.xib */ = {isa = PBXFileReference; lastKnownFileType = file.xib; path = CustomAlert.xib; sourceTree = "<group>"; };
		3FE5C7D329B5F073003C4F28 /* TableViewCell.swift */ = {isa = PBXFileReference; lastKnownFileType = sourcecode.swift; path = TableViewCell.swift; sourceTree = "<group>"; };
/* End PBXFileReference section */

/* Begin PBXFrameworksBuildPhase section */
		3F01FB5229B5D9E4005EA13A /* Frameworks */ = {
			isa = PBXFrameworksBuildPhase;
			buildActionMask = 2147483647;
			files = (
			);
			runOnlyForDeploymentPostprocessing = 0;
		};
/* End PBXFrameworksBuildPhase section */

/* Begin PBXGroup section */
		3F01FB4C29B5D9E4005EA13A = {
			isa = PBXGroup;
			children = (
				3F01FB5729B5D9E4005EA13A /* Friend List */,
				3F01FB5629B5D9E4005EA13A /* Products */,
			);
			sourceTree = "<group>";
		};
		3F01FB5629B5D9E4005EA13A /* Products */ = {
			isa = PBXGroup;
			children = (
				3F01FB5529B5D9E4005EA13A /* Friend List.app */,
			);
			name = Products;
			sourceTree = "<group>";
		};
		3F01FB5729B5D9E4005EA13A /* Friend List */ = {
			isa = PBXGroup;
			children = (
				3F01FB5829B5D9E4005EA13A /* AppDelegate.swift */,
				3F01FB5A29B5D9E4005EA13A /* SceneDelegate.swift */,
				3F01FB5C29B5D9E4005EA13A /* ViewController.swift */,
				3F01FB5E29B5D9E4005EA13A /* Main.storyboard */,
				3F01FB6129B5D9E8005EA13A /* Assets.xcassets */,
				3F01FB6329B5D9E8005EA13A /* LaunchScreen.storyboard */,
				3F01FB6629B5D9E8005EA13A /* Info.plist */,
				3F0C084929B5DC0600844280 /* Friend.swift */,
				3FE5C7D329B5F073003C4F28 /* TableViewCell.swift */,
				3FB4485F29B6DD0200C427AC /* CustomAlert.swift */,
				3FB4486029B6DD0200C427AC /* CustomAlert.xib */,
				3F047D9629C07CD200778E58 /* AddFriendViewController.swift */,
			);
			path = "Friend List";
			sourceTree = "<group>";
		};
/* End PBXGroup section */

/* Begin PBXNativeTarget section */
		3F01FB5429B5D9E4005EA13A /* Friend List */ = {
			isa = PBXNativeTarget;
			buildConfigurationList = 3F01FB6929B5D9E8005EA13A /* Build configuration list for PBXNativeTarget "Friend List" */;
			buildPhases = (
				3F01FB5129B5D9E4005EA13A /* Sources */,
				3F01FB5229B5D9E4005EA13A /* Frameworks */,
				3F01FB5329B5D9E4005EA13A /* Resources */,
			);
			buildRules = (
			);
			dependencies = (
			);
			name = "Friend List";
			productName = "Friend List";
			productReference = 3F01FB5529B5D9E4005EA13A /* Friend List.app */;
			productType = "com.apple.product-type.application";
		};
/* End PBXNativeTarget section */

/* Begin PBXProject section */
		3F01FB4D29B5D9E4005EA13A /* Project object */ = {
			isa = PBXProject;
			attributes = {
				BuildIndependentTargetsInParallel = 1;
				LastSwiftUpdateCheck = 1420;
				LastUpgradeCheck = 1420;
				TargetAttributes = {
					3F01FB5429B5D9E4005EA13A = {
						CreatedOnToolsVersion = 14.2;
					};
				};
			};
			buildConfigurationList = 3F01FB5029B5D9E4005EA13A /* Build configuration list for PBXProject "Friend List" */;
			compatibilityVersion = "Xcode 14.0";
			developmentRegion = en;
			hasScannedForEncodings = 0;
			knownRegions = (
				en,
				Base,
			);
			mainGroup = 3F01FB4C29B5D9E4005EA13A;
			productRefGroup = 3F01FB5629B5D9E4005EA13A /* Products */;
			projectDirPath = "";
			projectRoot = "";
			targets = (
				3F01FB5429B5D9E4005EA13A /* Friend List */,
			);
		};
/* End PBXProject section */

/* Begin PBXResourcesBuildPhase section */
		3F01FB5329B5D9E4005EA13A /* Resources */ = {
			isa = PBXResourcesBuildPhase;
			buildActionMask = 2147483647;
			files = (
				3F01FB6529B5D9E8005EA13A /* LaunchScreen.storyboard in Resources */,
				3F01FB6229B5D9E8005EA13A /* Assets.xcassets in Resources */,
				3F01FB6029B5D9E4005EA13A /* Main.storyboard in Resources */,
				3FB4486229B6DD0200C427AC /* CustomAlert.xib in Resources */,
			);
			runOnlyForDeploymentPostprocessing = 0;
		};
/* End PBXResourcesBuildPhase section */

/* Begin PBXSourcesBuildPhase section */
		3F01FB5129B5D9E4005EA13A /* Sources */ = {
			isa = PBXSourcesBuildPhase;
			buildActionMask = 2147483647;
			files = (
				3FE5C7D429B5F073003C4F28 /* TableViewCell.swift in Sources */,
				3F047D9729C07CD200778E58 /* AddFriendViewController.swift in Sources */,
				3F01FB5D29B5D9E4005EA13A /* ViewController.swift in Sources */,
				3F01FB5929B5D9E4005EA13A /* AppDelegate.swift in Sources */,
				3FB4486129B6DD0200C427AC /* CustomAlert.swift in Sources */,
				3F01FB5B29B5D9E4005EA13A /* SceneDelegate.swift in Sources */,
				3F0C084A29B5DC0600844280 /* Friend.swift in Sources */,
			);
			runOnlyForDeploymentPostprocessing = 0;
		};
/* End PBXSourcesBuildPhase section */

/* Begin PBXVariantGroup section */
		3F01FB5E29B5D9E4005EA13A /* Main.storyboard */ = {
			isa = PBXVariantGroup;
			children = (
				3F01FB5F29B5D9E4005EA13A /* Base */,
			);
			name = Main.storyboard;
			sourceTree = "<group>";
		};
		3F01FB6329B5D9E8005EA13A /* LaunchScreen.storyboard */ = {
			isa = PBXVariantGroup;
			children = (
				3F01FB6429B5D9E8005EA13A /* Base */,
			);
			name = LaunchScreen.storyboard;
			sourceTree = "<group>";
		};
/* End PBXVariantGroup section */

/* Begin XCBuildConfiguration section */
		3F01FB6729B5D9E8005EA13A /* Debug */ = {
			isa = XCBuildConfiguration;
			buildSettings = {
				ALWAYS_SEARCH_USER_PATHS = NO;
				CLANG_ANALYZER_NONNULL = YES;
				CLANG_ANALYZER_NUMBER_OBJECT_CONVERSION = YES_AGGRESSIVE;
				CLANG_CXX_LANGUAGE_STANDARD = "gnu++20";
				CLANG_ENABLE_MODULES = YES;
				CLANG_ENABLE_OBJC_ARC = YES;
				CLANG_ENABLE_OBJC_WEAK = YES;
				CLANG_WARN_BLOCK_CAPTURE_AUTORELEASING = YES;
				CLANG_WARN_BOOL_CONVERSION = YES;
				CLANG_WARN_COMMA = YES;
				CLANG_WARN_CONSTANT_CONVERSION = YES;
				CLANG_WARN_DEPRECATED_OBJC_IMPLEMENTATIONS = YES;
				CLANG_WARN_DIRECT_OBJC_ISA_USAGE = YES_ERROR;
				CLANG_WARN_DOCUMENTATION_COMMENTS = YES;
				CLANG_WARN_EMPTY_BODY = YES;
				CLANG_WARN_ENUM_CONVERSION = YES;
				CLANG_WARN_INFINITE_RECURSION = YES;
				CLANG_WARN_INT_CONVERSION = YES;
				CLANG_WARN_NON_LITERAL_NULL_CONVERSION = YES;
				CLANG_WARN_OBJC_IMPLICIT_RETAIN_SELF = YES;
				CLANG_WARN_OBJC_LITERAL_CONVERSION = YES;
				CLANG_WARN_OBJC_ROOT_CLASS = YES_ERROR;
				CLANG_WARN_QUOTED_INCLUDE_IN_FRAMEWORK_HEADER = YES;
				CLANG_WARN_RANGE_LOOP_ANALYSIS = YES;
				CLANG_WARN_STRICT_PROTOTYPES = YES;
				CLANG_WARN_SUSPICIOUS_MOVE = YES;
				CLANG_WARN_UNGUARDED_AVAILABILITY = YES_AGGRESSIVE;
				CLANG_WARN_UNREACHABLE_CODE = YES;
				CLANG_WARN__DUPLICATE_METHOD_MATCH = YES;
				COPY_PHASE_STRIP = NO;
				DEBUG_INFORMATION_FORMAT = dwarf;
				ENABLE_STRICT_OBJC_MSGSEND = YES;
				ENABLE_TESTABILITY = YES;
				GCC_C_LANGUAGE_STANDARD = gnu11;
				GCC_DYNAMIC_NO_PIC = NO;
				GCC_NO_COMMON_BLOCKS = YES;
				GCC_OPTIMIZATION_LEVEL = 0;
				GCC_PREPROCESSOR_DEFINITIONS = (
					"DEBUG=1",
					"$(inherited)",
				);
				GCC_WARN_64_TO_32_BIT_CONVERSION = YES;
				GCC_WARN_ABOUT_RETURN_TYPE = YES_ERROR;
				GCC_WARN_UNDECLARED_SELECTOR = YES;
				GCC_WARN_UNINITIALIZED_AUTOS = YES_AGGRESSIVE;
				GCC_WARN_UNUSED_FUNCTION = YES;
				GCC_WARN_UNUSED_VARIABLE = YES;
				IPHONEOS_DEPLOYMENT_TARGET = 16.2;
				MTL_ENABLE_DEBUG_INFO = INCLUDE_SOURCE;
				MTL_FAST_MATH = YES;
				ONLY_ACTIVE_ARCH = YES;
				SDKROOT = iphoneos;
				SWIFT_ACTIVE_COMPILATION_CONDITIONS = DEBUG;
				SWIFT_OPTIMIZATION_LEVEL = "-Onone";
			};
			name = Debug;
		};
		3F01FB6829B5D9E8005EA13A /* Release */ = {
			isa = XCBuildConfiguration;
			buildSettings = {
				ALWAYS_SEARCH_USER_PATHS = NO;
				CLANG_ANALYZER_NONNULL = YES;
				CLANG_ANALYZER_NUMBER_OBJECT_CONVERSION = YES_AGGRESSIVE;
				CLANG_CXX_LANGUAGE_STANDARD = "gnu++20";
				CLANG_ENABLE_MODULES = YES;
				CLANG_ENABLE_OBJC_ARC = YES;
				CLANG_ENABLE_OBJC_WEAK = YES;
				CLANG_WARN_BLOCK_CAPTURE_AUTORELEASING = YES;
				CLANG_WARN_BOOL_CONVERSION = YES;
				CLANG_WARN_COMMA = YES;
				CLANG_WARN_CONSTANT_CONVERSION = YES;
				CLANG_WARN_DEPRECATED_OBJC_IMPLEMENTATIONS = YES;
				CLANG_WARN_DIRECT_OBJC_ISA_USAGE = YES_ERROR;
				CLANG_WARN_DOCUMENTATION_COMMENTS = YES;
				CLANG_WARN_EMPTY_BODY = YES;
				CLANG_WARN_ENUM_CONVERSION = YES;
				CLANG_WARN_INFINITE_RECURSION = YES;
				CLANG_WARN_INT_CONVERSION = YES;
				CLANG_WARN_NON_LITERAL_NULL_CONVERSION = YES;
				CLANG_WARN_OBJC_IMPLICIT_RETAIN_SELF = YES;
				CLANG_WARN_OBJC_LITERAL_CONVERSION = YES;
				CLANG_WARN_OBJC_ROOT_CLASS = YES_ERROR;
				CLANG_WARN_QUOTED_INCLUDE_IN_FRAMEWORK_HEADER = YES;
				CLANG_WARN_RANGE_LOOP_ANALYSIS = YES;
				CLANG_WARN_STRICT_PROTOTYPES = YES;
				CLANG_WARN_SUSPICIOUS_MOVE = YES;
				CLANG_WARN_UNGUARDED_AVAILABILITY = YES_AGGRESSIVE;
				CLANG_WARN_UNREACHABLE_CODE = YES;
				CLANG_WARN__DUPLICATE_METHOD_MATCH = YES;
				COPY_PHASE_STRIP = NO;
				DEBUG_INFORMATION_FORMAT = "dwarf-with-dsym";
				ENABLE_NS_ASSERTIONS = NO;
				ENABLE_STRICT_OBJC_MSGSEND = YES;
				GCC_C_LANGUAGE_STANDARD = gnu11;
				GCC_NO_COMMON_BLOCKS = YES;
				GCC_WARN_64_TO_32_BIT_CONVERSION = YES;
				GCC_WARN_ABOUT_RETURN_TYPE = YES_ERROR;
				GCC_WARN_UNDECLARED_SELECTOR = YES;
				GCC_WARN_UNINITIALIZED_AUTOS = YES_AGGRESSIVE;
				GCC_WARN_UNUSED_FUNCTION = YES;
				GCC_WARN_UNUSED_VARIABLE = YES;
				IPHONEOS_DEPLOYMENT_TARGET = 16.2;
				MTL_ENABLE_DEBUG_INFO = NO;
				MTL_FAST_MATH = YES;
				SDKROOT = iphoneos;
				SWIFT_COMPILATION_MODE = wholemodule;
				SWIFT_OPTIMIZATION_LEVEL = "-O";
				VALIDATE_PRODUCT = YES;
			};
			name = Release;
		};
		3F01FB6A29B5D9E8005EA13A /* Debug */ = {
			isa = XCBuildConfiguration;
			buildSettings = {
				ASSETCATALOG_COMPILER_APPICON_NAME = AppIcon;
				ASSETCATALOG_COMPILER_GLOBAL_ACCENT_COLOR_NAME = AccentColor;
				CODE_SIGN_STYLE = Automatic;
				CURRENT_PROJECT_VERSION = 1;
				DEVELOPMENT_TEAM = 4AQLK4VT6N;
				GENERATE_INFOPLIST_FILE = YES;
				INFOPLIST_FILE = "Friend List/Info.plist";
				INFOPLIST_KEY_UIApplicationSupportsIndirectInputEvents = YES;
				INFOPLIST_KEY_UILaunchStoryboardName = LaunchScreen;
				INFOPLIST_KEY_UIMainStoryboardFile = Main;
				INFOPLIST_KEY_UISupportedInterfaceOrientations_iPad = "UIInterfaceOrientationPortrait UIInterfaceOrientationPortraitUpsideDown UIInterfaceOrientationLandscapeLeft UIInterfaceOrientationLandscapeRight";
				INFOPLIST_KEY_UISupportedInterfaceOrientations_iPhone = "UIInterfaceOrientationPortrait UIInterfaceOrientationLandscapeLeft UIInterfaceOrientationLandscapeRight";
				LD_RUNPATH_SEARCH_PATHS = (
					"$(inherited)",
					"@executable_path/Frameworks",
				);
				MARKETING_VERSION = 1.0;
				PRODUCT_BUNDLE_IDENTIFIER = "com.s3.Friend-List";
				PRODUCT_NAME = "$(TARGET_NAME)";
				SWIFT_EMIT_LOC_STRINGS = YES;
				SWIFT_VERSION = 5.0;
				TARGETED_DEVICE_FAMILY = "1,2";
			};
			name = Debug;
		};
		3F01FB6B29B5D9E8005EA13A /* Release */ = {
			isa = XCBuildConfiguration;
			buildSettings = {
				ASSETCATALOG_COMPILER_APPICON_NAME = AppIcon;
				ASSETCATALOG_COMPILER_GLOBAL_ACCENT_COLOR_NAME = AccentColor;
				CODE_SIGN_STYLE = Automatic;
				CURRENT_PROJECT_VERSION = 1;
				DEVELOPMENT_TEAM = 4AQLK4VT6N;
				GENERATE_INFOPLIST_FILE = YES;
				INFOPLIST_FILE = "Friend List/Info.plist";
				INFOPLIST_KEY_UIApplicationSupportsIndirectInputEvents = YES;
				INFOPLIST_KEY_UILaunchStoryboardName = LaunchScreen;
				INFOPLIST_KEY_UIMainStoryboardFile = Main;
				INFOPLIST_KEY_UISupportedInterfaceOrientations_iPad = "UIInterfaceOrientationPortrait UIInterfaceOrientationPortraitUpsideDown UIInterfaceOrientationLandscapeLeft UIInterfaceOrientationLandscapeRight";
				INFOPLIST_KEY_UISupportedInterfaceOrientations_iPhone = "UIInterfaceOrientationPortrait UIInterfaceOrientationLandscapeLeft UIInterfaceOrientationLandscapeRight";
				LD_RUNPATH_SEARCH_PATHS = (
					"$(inherited)",
					"@executable_path/Frameworks",
				);
				MARKETING_VERSION = 1.0;
				PRODUCT_BUNDLE_IDENTIFIER = "com.s3.Friend-List";
				PRODUCT_NAME = "$(TARGET_NAME)";
				SWIFT_EMIT_LOC_STRINGS = YES;
				SWIFT_VERSION = 5.0;
				TARGETED_DEVICE_FAMILY = "1,2";
			};
			name = Release;
		};
/* End XCBuildConfiguration section */

/* Begin XCConfigurationList section */
		3F01FB5029B5D9E4005EA13A /* Build configuration list for PBXProject "Friend List" */ = {
			isa = XCConfigurationList;
			buildConfigurations = (
				3F01FB6729B5D9E8005EA13A /* Debug */,
				3F01FB6829B5D9E8005EA13A /* Release */,
			);
			defaultConfigurationIsVisible = 0;
			defaultConfigurationName = Release;
		};
		3F01FB6929B5D9E8005EA13A /* Build configuration list for PBXNativeTarget "Friend List" */ = {
			isa = XCConfigurationList;
			buildConfigurations = (
				3F01FB6A29B5D9E8005EA13A /* Debug */,
				3F01FB6B29B5D9E8005EA13A /* Release */,
			);
			defaultConfigurationIsVisible = 0;
			defaultConfigurationName = Release;
		};
/* End XCConfigurationList section */
	};
	rootObject = 3F01FB4D29B5D9E4005EA13A /* Project object */;
}
